<?xml version="1.0" encoding="utf-8"?>
<Project ToolsVersion="4.0" xmlns="http://schemas.microsoft.com/developer/msbuild/2003">
  <ItemGroup>
    <Filter Include="Source Files">
      <UniqueIdentifier>{4FC737F1-C7A5-4376-A066-2A32D752A2FF}</UniqueIdentifier>
      <Extensions>cpp;c;cc;cxx;c++;def;odl;idl;hpj;bat;asm;asmx</Extensions>
    </Filter>
    <Filter Include="Header Files">
      <UniqueIdentifier>{93995380-89BD-4b04-88EB-625FBE52EBFB}</UniqueIdentifier>
      <Extensions>h;hh;hpp;hxx;h++;hm;inl;inc;ipp;xsd</Extensions>
    </Filter>
    <Filter Include="Resource Files">
      <UniqueIdentifier>{67DA6AB6-F800-4c08-8B7A-83BB121AAD01}</UniqueIdentifier>
      <Extensions>rc;ico;cur;bmp;dlg;rc2;rct;bin;rgs;gif;jpg;jpeg;jpe;resx;tiff;tif;png;wav;mfcribbon-ms</Extensions>
    </Filter>
  </ItemGroup>
  <ItemGroup>
    <ClCompile Include="..\colours.c">
      <Filter>Source Files</Filter>
    </ClCompile>
    <ClCompile Include="..\fakeled.c">
      <Filter>Source Files</Filter>
    </ClCompile>
    <ClCompile Include="..\fire_source.c">
      <Filter>Source Files</Filter>
    </ClCompile>
    <ClCompile Include="..\getopt.c">
      <Filter>Source Files</Filter>
    </ClCompile>
    <ClCompile Include="..\led_main.c">
      <Filter>Source Files</Filter>
    </ClCompile>
    <ClCompile Include="..\listener.c">
      <Filter>Source Files</Filter>
    </ClCompile>
    <ClCompile Include="..\perlin_source.c">
      <Filter>Source Files</Filter>
    </ClCompile>
    <ClCompile Include="..\common_source.c">
      <Filter>Source Files</Filter>
    </ClCompile>
    <ClCompile Include="..\color_source.c">
      <Filter>Source Files</Filter>
    </ClCompile>
    <ClCompile Include="..\chaser_source.c">
      <Filter>Source Files</Filter>
    </ClCompile>
    <ClCompile Include="..\source_manager.c">
      <Filter>Source Files</Filter>
    </ClCompile>
    <ClCompile Include="..\morse_source.c">
      <Filter>Source Files</Filter>
    </ClCompile>
    <ClCompile Include="..\sound\test.c">
      <Filter>Source Files</Filter>
    </ClCompile>
    <ClCompile Include="..\disco_source.c">
      <Filter>Source Files</Filter>
    </ClCompile>
    <ClCompile Include="..\xmas_source.c">
      <Filter>Source Files</Filter>
    </ClCompile>
  </ItemGroup>
  <ItemGroup>
    <None Include="packages.config" />
  </ItemGroup>
  <ItemGroup>
    <Text Include="..\config" />
  </ItemGroup>
  <ItemGroup>
    <ClInclude Include="..\include\color_source.h">
      <Filter>Header Files</Filter>
    </ClInclude>
    <ClInclude Include="..\include\colours.h">
      <Filter>Header Files</Filter>
    </ClInclude>
    <ClInclude Include="..\include\common_source.h">
      <Filter>Header Files</Filter>
    </ClInclude>
    <ClInclude Include="..\include\disco_source.h">
      <Filter>Header Files</Filter>
    </ClInclude>
    <ClInclude Include="..\include\fakeled.h">
      <Filter>Header Files</Filter>
    </ClInclude>
    <ClInclude Include="..\include\fakesignal.h">
      <Filter>Header Files</Filter>
    </ClInclude>
    <ClInclude Include="..\include\faketime.h">
      <Filter>Header Files</Filter>
    </ClInclude>
    <ClInclude Include="..\include\fire_source.h">
      <Filter>Header Files</Filter>
    </ClInclude>
    <ClInclude Include="..\include\getopt.h">
      <Filter>Header Files</Filter>
    </ClInclude>
    <ClInclude Include="..\include\chaser_source.h">
      <Filter>Header Files</Filter>
    </ClInclude>
    <ClInclude Include="..\include\led_main.h">
      <Filter>Header Files</Filter>
    </ClInclude>
    <ClInclude Include="..\include\listener.h">
      <Filter>Header Files</Filter>
    </ClInclude>
    <ClInclude Include="..\include\morse_source.h">
      <Filter>Header Files</Filter>
    </ClInclude>
    <ClInclude Include="..\include\perlin_source.h">
      <Filter>Header Files</Filter>
    </ClInclude>
    <ClInclude Include="..\include\source_manager.h">
      <Filter>Header Files</Filter>
    </ClInclude>
    <ClInclude Include="..\sound\fakealsa.h">
      <Filter>Header Files</Filter>
    </ClInclude>
    <ClInclude Include="..\include\xmas_source.h">
      <Filter>Header Files</Filter>
    </ClInclude>
  </ItemGroup>
</Project>